
Microsoft Visual Studio Solution File, Format Version 12.00
# Visual Studio Version 17
VisualStudioVersion = 17.9.34723.18
MinimumVisualStudioVersion = 10.0.40219.1
Project("{FAE04EC0-301F-11D3-BF4B-00C04F79EFBC}") = "BlogApplicationSQL", "BlogApplicationSQL\BlogApplicationSQL.csproj", "{5D7C6C9E-2D86-4EF0-A6AB-FC7926B525A7}"
EndProject
Project("{FAE04EC0-301F-11D3-BF4B-00C04F79EFBC}") = "Database", "Database\Database.csproj", "{2056940C-1525-4100-87FD-0CA573E989E0}"
EndProject
Global
	GlobalSection(SolutionConfigurationPlatforms) = preSolution
		Debug|Any CPU = Debug|Any CPU
		Release|Any CPU = Release|Any CPU
	EndGlobalSection
	GlobalSection(ProjectConfigurationPlatforms) = postSolution
		{5D7C6C9E-2D86-4EF0-A6AB-FC7926B525A7}.Debug|Any CPU.ActiveCfg = Debug|Any CPU
		{5D7C6C9E-2D86-4EF0-A6AB-FC7926B525A7}.Debug|Any CPU.Build.0 = Debug|Any CPU
		{5D7C6C9E-2D86-4EF0-A6AB-FC7926B525A7}.Release|Any CPU.ActiveCfg = Release|Any CPU
		{5D7C6C9E-2D86-4EF0-A6AB-FC7926B525A7}.Release|Any CPU.Build.0 = Release|Any CPU
		{2056940C-1525-4100-87FD-0CA573E989E0}.Debug|Any CPU.ActiveCfg = Debug|Any CPU
		{2056940C-1525-4100-87FD-0CA573E989E0}.Debug|Any CPU.Build.0 = Debug|Any CPU
		{2056940C-1525-4100-87FD-0CA573E989E0}.Release|Any CPU.ActiveCfg = Release|Any CPU
		{2056940C-1525-4100-87FD-0CA573E989E0}.Release|Any CPU.Build.0 = Release|Any CPU
	EndGlobalSection
	GlobalSection(SolutionProperties) = preSolution
		HideSolutionNode = FALSE
	EndGlobalSection
	GlobalSection(ExtensibilityGlobals) = postSolution
		SolutionGuid = {34533895-E671-4914-BD08-EA2BD35782B1}
	EndGlobalSection
EndGlobal
